
Microsoft Visual Studio Solution File, Format Version 12.00
# Visual Studio Version 16
VisualStudioVersion = 16.0.810.21
MinimumVisualStudioVersion = 10.0.40219.1
Project("{FAE04EC0-301F-11D3-BF4B-00C04F79EFBC}") = "Arithmetic", "Arithmetic\Arithmetic.csproj", "{A0B2CE79-A95B-4F88-B9DA-F9594B068F2E}"
EndProject
Global
	GlobalSection(SolutionConfigurationPlatforms) = preSolution
		Debug|anycpu = Debug|anycpu
		Release|anycpu = Release|anycpu
	EndGlobalSection
	GlobalSection(ProjectConfigurationPlatforms) = postSolution
		{A0B2CE79-A95B-4F88-B9DA-F9594B068F2E}.Debug|anycpu.ActiveCfg = Debug|anycpu
		{A0B2CE79-A95B-4F88-B9DA-F9594B068F2E}.Debug|anycpu.Build.0 = Debug|anycpu
		{A0B2CE79-A95B-4F88-B9DA-F9594B068F2E}.Release|anycpu.ActiveCfg = Release|anycpu
		{A0B2CE79-A95B-4F88-B9DA-F9594B068F2E}.Release|anycpu.Build.0 = Release|anycpu
	EndGlobalSection
	GlobalSection(SolutionProperties) = preSolution
		HideSolutionNode = FALSE
	EndGlobalSection
	GlobalSection(ExtensibilityGlobals) = postSolution
		SolutionGuid = {8DC481A9-13D0-4DF7-B715-8BB3F1E8132A}
	EndGlobalSection
EndGlobal
