
Microsoft Visual Studio Solution File, Format Version 12.00
# Visual Studio Version 16
VisualStudioVersion = 16.0.810.21
MinimumVisualStudioVersion = 10.0.40219.1
Project("{FAE04EC0-301F-11D3-BF4B-00C04F79EFBC}") = "MathClass", "MathClass\MathClass.csproj", "{5F635EE9-5FF8-40C9-8A61-CA2B7C291A25}"
EndProject
Global
	GlobalSection(SolutionConfigurationPlatforms) = preSolution
		Debug|anycpu = Debug|anycpu
		Release|anycpu = Release|anycpu
	EndGlobalSection
	GlobalSection(ProjectConfigurationPlatforms) = postSolution
		{5F635EE9-5FF8-40C9-8A61-CA2B7C291A25}.Debug|anycpu.ActiveCfg = Debug|anycpu
		{5F635EE9-5FF8-40C9-8A61-CA2B7C291A25}.Debug|anycpu.Build.0 = Debug|anycpu
		{5F635EE9-5FF8-40C9-8A61-CA2B7C291A25}.Release|anycpu.ActiveCfg = Release|anycpu
		{5F635EE9-5FF8-40C9-8A61-CA2B7C291A25}.Release|anycpu.Build.0 = Release|anycpu
	EndGlobalSection
	GlobalSection(SolutionProperties) = preSolution
		HideSolutionNode = FALSE
	EndGlobalSection
	GlobalSection(ExtensibilityGlobals) = postSolution
		SolutionGuid = {51640FA4-CF7B-4143-B4FD-E33A2EFC8790}
	EndGlobalSection
EndGlobal
