
Microsoft Visual Studio Solution File, Format Version 12.00
# Visual Studio Version 16
VisualStudioVersion = 16.0.810.21
MinimumVisualStudioVersion = 10.0.40219.1
Project("{FAE04EC0-301F-11D3-BF4B-00C04F79EFBC}") = "Variables", "Variables\Variables.csproj", "{9216D763-A5BC-4B4B-BFC1-E1909C380DC5}"
EndProject
Global
	GlobalSection(SolutionConfigurationPlatforms) = preSolution
		Debug|anycpu = Debug|anycpu
		Release|anycpu = Release|anycpu
	EndGlobalSection
	GlobalSection(ProjectConfigurationPlatforms) = postSolution
		{9216D763-A5BC-4B4B-BFC1-E1909C380DC5}.Debug|anycpu.ActiveCfg = Debug|anycpu
		{9216D763-A5BC-4B4B-BFC1-E1909C380DC5}.Debug|anycpu.Build.0 = Debug|anycpu
		{9216D763-A5BC-4B4B-BFC1-E1909C380DC5}.Release|anycpu.ActiveCfg = Release|anycpu
		{9216D763-A5BC-4B4B-BFC1-E1909C380DC5}.Release|anycpu.Build.0 = Release|anycpu
	EndGlobalSection
	GlobalSection(SolutionProperties) = preSolution
		HideSolutionNode = FALSE
	EndGlobalSection
	GlobalSection(ExtensibilityGlobals) = postSolution
		SolutionGuid = {68CCA30E-13F7-4374-82AC-99606AF20DAF}
	EndGlobalSection
EndGlobal
