
Microsoft Visual Studio Solution File, Format Version 12.00
# Visual Studio Version 16
VisualStudioVersion = 16.0.810.21
MinimumVisualStudioVersion = 10.0.40219.1
Project("{FAE04EC0-301F-11D3-BF4B-00C04F79EFBC}") = "ConditionalOperator", "ConditionalOperator\ConditionalOperator.csproj", "{388A30E4-A407-42D5-B18A-06FA593789C6}"
EndProject
Global
	GlobalSection(SolutionConfigurationPlatforms) = preSolution
		Debug|anycpu = Debug|anycpu
		Release|anycpu = Release|anycpu
	EndGlobalSection
	GlobalSection(ProjectConfigurationPlatforms) = postSolution
		{388A30E4-A407-42D5-B18A-06FA593789C6}.Debug|anycpu.ActiveCfg = Debug|anycpu
		{388A30E4-A407-42D5-B18A-06FA593789C6}.Debug|anycpu.Build.0 = Debug|anycpu
		{388A30E4-A407-42D5-B18A-06FA593789C6}.Release|anycpu.ActiveCfg = Release|anycpu
		{388A30E4-A407-42D5-B18A-06FA593789C6}.Release|anycpu.Build.0 = Release|anycpu
	EndGlobalSection
	GlobalSection(SolutionProperties) = preSolution
		HideSolutionNode = FALSE
	EndGlobalSection
	GlobalSection(ExtensibilityGlobals) = postSolution
		SolutionGuid = {B73065FF-1C19-49CB-8B29-7BFC3F93D4E2}
	EndGlobalSection
EndGlobal
