
Microsoft Visual Studio Solution File, Format Version 12.00
# Visual Studio Version 16
VisualStudioVersion = 16.0.810.21
MinimumVisualStudioVersion = 10.0.40219.1
Project("{FAE04EC0-301F-11D3-BF4B-00C04F79EFBC}") = "LogicalOperators", "LogicalOperators\LogicalOperators.csproj", "{349456CA-0792-4650-B678-9D534AD24E95}"
EndProject
Global
	GlobalSection(SolutionConfigurationPlatforms) = preSolution
		Debug|anycpu = Debug|anycpu
		Release|anycpu = Release|anycpu
	EndGlobalSection
	GlobalSection(ProjectConfigurationPlatforms) = postSolution
		{349456CA-0792-4650-B678-9D534AD24E95}.Debug|anycpu.ActiveCfg = Debug|anycpu
		{349456CA-0792-4650-B678-9D534AD24E95}.Debug|anycpu.Build.0 = Debug|anycpu
		{349456CA-0792-4650-B678-9D534AD24E95}.Release|anycpu.ActiveCfg = Release|anycpu
		{349456CA-0792-4650-B678-9D534AD24E95}.Release|anycpu.Build.0 = Release|anycpu
	EndGlobalSection
	GlobalSection(SolutionProperties) = preSolution
		HideSolutionNode = FALSE
	EndGlobalSection
	GlobalSection(ExtensibilityGlobals) = postSolution
		SolutionGuid = {5178E8F9-27E9-455F-B7D8-66A4F4C086B9}
	EndGlobalSection
EndGlobal
